
Microsoft Visual Studio Solution File, Format Version 12.00
# Visual Studio Version 17
VisualStudioVersion = 17.5.33424.131
MinimumVisualStudioVersion = 10.0.40219.1
Project("{F184B08F-C81C-45F6-A57F-5ABD9991F28F}") = "DataLoadingAndConversion", "DataLoadingAndConversion\DataLoadingAndConversion.vbproj", "{44EB3A05-95EA-4155-A778-3E730F40D200}"
EndProject
Global
	GlobalSection(SolutionConfigurationPlatforms) = preSolution
		Debug|Any CPU = Debug|Any CPU
		Release|Any CPU = Release|Any CPU
	EndGlobalSection
	GlobalSection(ProjectConfigurationPlatforms) = postSolution
		{44EB3A05-95EA-4155-A778-3E730F40D200}.Debug|Any CPU.ActiveCfg = Debug|Any CPU
		{44EB3A05-95EA-4155-A778-3E730F40D200}.Debug|Any CPU.Build.0 = Debug|Any CPU
		{44EB3A05-95EA-4155-A778-3E730F40D200}.Release|Any CPU.ActiveCfg = Release|Any CPU
		{44EB3A05-95EA-4155-A778-3E730F40D200}.Release|Any CPU.Build.0 = Release|Any CPU
	EndGlobalSection
	GlobalSection(SolutionProperties) = preSolution
		HideSolutionNode = FALSE
	EndGlobalSection
	GlobalSection(ExtensibilityGlobals) = postSolution
		SolutionGuid = {80188710-043C-40F6-9226-E6F9FBF33F13}
	EndGlobalSection
EndGlobal
